
Microsoft Visual Studio Solution File, Format Version 12.00
# Visual Studio 15
VisualStudioVersion = 15.0.28307.1145
MinimumVisualStudioVersion = 10.0.40219.1
Project("{2150E333-8FDC-42A3-9474-1A3956D46DE8}") = "Solution Items", "Solution Items", "{A0138996-EAE6-4EA2-8556-573FACDC5CC1}"
	ProjectSection(SolutionItems) = preProject
		Class1.cs = Class1.cs
		CompareCode.txt = CompareCode.txt
		View.html = View.html
	EndProjectSection
EndProject
Global
	GlobalSection(SolutionProperties) = preSolution
		HideSolutionNode = FALSE
	EndGlobalSection
	GlobalSection(ExtensibilityGlobals) = postSolution
		SolutionGuid = {855ACB49-2378-4169-96D7-24B016C4D19C}
	EndGlobalSection
EndGlobal
